{
  "name": "@pdulvp/retriever-an",
  "version": "1.0.0",
  "lockfileVersion": 1,
  "requires": true,
  "dependencies": {
    "@pdulvp/fsquery": {
      "version": "file:../../@pdulvp/fsquery"
    },
    "@pdulvp/httpcquery": {
      "version": "file:../../@pdulvp/httpcquery",
      "requires": {
        "@pdulvp/fsquery": "file:../../@pdulvp/fsquery",
        "@pdulvp/httpquery": "file:../../@pdulvp/httpquery"
      },
      "dependencies": {
        "@pdulvp/fsquery": {
          "version": "file:../../@pdulvp/fsquery",
          "bundled": true
        },
        "@pdulvp/httpquery": {
          "version": "file:../../@pdulvp/httpquery",
          "bundled": true
        }
      }
    },
    "@pdulvp/httpquery": {
      "version": "file:../../@pdulvp/httpquery"
    }
  }
}
