{
  "name": "@pdulvp/index",
  "version": "1.0.0",
  "lockfileVersion": 1,
  "requires": true,
  "dependencies": {
    "@pdulvp/httpquery": {
      "version": "1.0.0",
      "resolved": "https://npm.pkg.github.com/download/@pdulvp/httpquery/1.0.0/cf516080db345fedbefea5c8ccf7cdca77ce2af1b1af77a52222b1638f79289f",
      "integrity": "sha512-HY6na++Bmetwaoa8bs26aPWJQqbkZ1+XIJgm+EhUoY0ENu9absNvFKS9tK3nqt0yOdQ8NDvTeaTE1+k9YKuBeQ=="
    }
  }
}
