{
  "name": "@pdulvp/sources",
  "version": "1.0.0",
  "lockfileVersion": 1,
  "requires": true,
  "dependencies": {
    "@pdulvp/fsquery": {
      "version": "1.0.1",
      "resolved": "https://npm.pkg.github.com/download/@pdulvp/fsquery/1.0.1/b0af6a1c919dc6be9760ed22437f9e21c3ae5af4926d39989db88a06db328595",
      "integrity": "sha512-y3ABLFKoEZQnPeQbljVTaGHWriedVhGvChMTJkIOYkqjE3GRQiSg+H9pZC6PxdZh3YbSFNUgeSplBxYNup4BPg=="
    },
    "@pdulvp/httpcquery": {
      "version": "1.0.0",
      "resolved": "https://npm.pkg.github.com/download/@pdulvp/httpcquery/1.0.0/2b4a1492b6fd0250d1ccd0bf89eab30287e22ae2efc3cc14d921147182653ca2",
      "integrity": "sha512-wNOEuQ6J0LcI6K3qlR+t9FJ++CubJQ5KGGb/DJCNOOoY2vCIh2WYwkZY1hz04/AYxRpy22XxWe+UZO4XpGsP0w==",
      "requires": {
        "@pdulvp/fsquery": "^1.0.0",
        "@pdulvp/httpquery": "^1.0.0"
      }
    },
    "@pdulvp/httpquery": {
      "version": "1.0.0",
      "resolved": "https://npm.pkg.github.com/download/@pdulvp/httpquery/1.0.0/cf516080db345fedbefea5c8ccf7cdca77ce2af1b1af77a52222b1638f79289f",
      "integrity": "sha512-HY6na++Bmetwaoa8bs26aPWJQqbkZ1+XIJgm+EhUoY0ENu9absNvFKS9tK3nqt0yOdQ8NDvTeaTE1+k9YKuBeQ=="
    },
    "@pdulvp/jsonop": {
      "version": "1.0.0",
      "resolved": "https://npm.pkg.github.com/download/@pdulvp/jsonop/1.0.0/18f419cf8efad7cb7431ca8434ea0b926d770235d4c813537c9b0e75777422f9",
      "integrity": "sha512-oScwIQEWHB/Vq9WX6hDPKw2rrGHoLRDOGLBw3QlphgsUrqLpJnlNrd7ZXdhYFjpx/C422LPxVpmVC+Z/1JXtbQ=="
    }
  }
}
