{
  "name": "@pdulvp/tip",
  "version": "1.0.1",
  "lockfileVersion": 1,
  "requires": true,
  "dependencies": {
    "@pdulvp/httpquery": {
      "version": "1.0.0",
      "resolved": "https://npm.pkg.github.com/download/@pdulvp/httpquery/1.0.0/cf516080db345fedbefea5c8ccf7cdca77ce2af1b1af77a52222b1638f79289f",
      "integrity": "sha512-HY6na++Bmetwaoa8bs26aPWJQqbkZ1+XIJgm+EhUoY0ENu9absNvFKS9tK3nqt0yOdQ8NDvTeaTE1+k9YKuBeQ=="
    },
    "@pdulvp/index": {
      "version": "1.0.0",
      "resolved": "https://npm.pkg.github.com/download/@pdulvp/index/1.0.0/2f178933077344e613b371cd3eb1d6732da0aa2361d6a2280b14851289aa621c",
      "integrity": "sha512-I80h/xgQQPaM8hX+wdjNZu66SDOcVVrZmXDJMfxBqQo8PYa/I1i1OZU6tdsIT/eZOFSTVvpxKdQy9gjXQdvrbQ==",
      "requires": {
        "@pdulvp/httpquery": "^1.0.0"
      },
      "dependencies": {
        "@pdulvp/httpquery": {
          "version": "1.0.1",
          "bundled": true
        }
      }
    },
    "@pdulvp/sources": {
      "version": "1.0.0",
      "resolved": "https://npm.pkg.github.com/download/@pdulvp/sources/1.0.0/09d9bce32f92ae99b3ee808e6192b58f3eaa508d6f701a69a0cb5282ad6469f1",
      "integrity": "sha512-ugAoky8D0TpO9+Lgu2jX1ZJGabjflihUIQCB/5X6pORkmYpt3DsUDc+YSSOFbSbKfAGMm5b3mnDOt92jrLvomw==",
      "requires": {
        "@pdulvp/httpcquery": "^1.0.0",
        "@pdulvp/httpquery": "^1.0.0",
        "@pdulvp/jsonop": "^1.0.0"
      },
      "dependencies": {
        "@pdulvp/fsquery": {
          "version": "1.0.2",
          "bundled": true
        },
        "@pdulvp/httpcquery": {
          "version": "1.0.1",
          "bundled": true,
          "requires": {
            "@pdulvp/fsquery": "^1.0.1",
            "@pdulvp/httpquery": "^1.0.0"
          }
        },
        "@pdulvp/httpquery": {
          "version": "1.0.1",
          "bundled": true
        },
        "@pdulvp/jsonop": {
          "version": "1.0.1",
          "bundled": true
        }
      }
    }
  }
}
