{
  "name": "@pdulvp/httpcquery",
  "version": "1.0.1",
  "lockfileVersion": 1,
  "requires": true,
  "dependencies": {
    "@pdulvp/fsquery": {
      "version": "1.0.1",
      "resolved": "https://npm.pkg.github.com/download/@pdulvp/fsquery/1.0.1/b0af6a1c919dc6be9760ed22437f9e21c3ae5af4926d39989db88a06db328595",
      "integrity": "sha512-y3ABLFKoEZQnPeQbljVTaGHWriedVhGvChMTJkIOYkqjE3GRQiSg+H9pZC6PxdZh3YbSFNUgeSplBxYNup4BPg=="
    },
    "@pdulvp/httpquery": {
      "version": "1.0.0",
      "resolved": "https://npm.pkg.github.com/download/@pdulvp/httpquery/1.0.0/cf516080db345fedbefea5c8ccf7cdca77ce2af1b1af77a52222b1638f79289f",
      "integrity": "sha512-HY6na++Bmetwaoa8bs26aPWJQqbkZ1+XIJgm+EhUoY0ENu9absNvFKS9tK3nqt0yOdQ8NDvTeaTE1+k9YKuBeQ=="
    }
  }
}
